// !$*UTF8*$!
{
	archiveVersion = 1;
	classes = {
	};
	objectVersion = 55;
	objects = {

/* Begin PBXBuildFile section */
		B1F83DE5285411AD00300DEE /* AppDelegate.swift in Sources */ = {isa = PBXBuildFile; fileRef = B1F83DE4285411AD00300DEE /* AppDelegate.swift */; };
		B1F83DE7285411AD00300DEE /* SceneDelegate.swift in Sources */ = {isa = PBXBuildFile; fileRef = B1F83DE6285411AD00300DEE /* SceneDelegate.swift */; };
		B1F83DE9285411AD00300DEE /* ViewController.swift in Sources */ = {isa = PBXBuildFile; fileRef = B1F83DE8285411AD00300DEE /* ViewController.swift */; };
		B1F83DEC285411AD00300DEE /* Main.storyboard in Resources */ = {isa = PBXBuildFile; fileRef = B1F83DEA285411AD00300DEE /* Main.storyboard */; };
		B1F83DEE285411AF00300DEE /* Assets.xcassets in Resources */ = {isa = PBXBuildFile; fileRef = B1F83DED285411AF00300DEE /* Assets.xcassets */; };
		B1F83DF1285411AF00300DEE /* LaunchScreen.storyboard in Resources */ = {isa = PBXBuildFile; fileRef = B1F83DEF285411AF00300DEE /* LaunchScreen.storyboard */; };
		B1F83DFB285411FE00300DEE /* CustomTableView.swift in Sources */ = {isa = PBXBuildFile; fileRef = B1F83DFA285411FE00300DEE /* CustomTableView.swift */; };
		B1F83DFD28541AB900300DEE /* CustomTableViewDataSource.swift in Sources */ = {isa = PBXBuildFile; fileRef = B1F83DFC28541AB900300DEE /* CustomTableViewDataSource.swift */; };
		B1F83E0128541AEE00300DEE /* CustomFooterTableViewCell.swift in Sources */ = {isa = PBXBuildFile; fileRef = B1F83E0028541AEE00300DEE /* CustomFooterTableViewCell.swift */; };
		B1F83E0428541B6E00300DEE /* Reusable.swift in Sources */ = {isa = PBXBuildFile; fileRef = B1F83E0328541B6E00300DEE /* Reusable.swift */; };
		B1F83E0628541B8E00300DEE /* ReusableCell.swift in Sources */ = {isa = PBXBuildFile; fileRef = B1F83E0528541B8E00300DEE /* ReusableCell.swift */; };
		B1F83E0828541BA700300DEE /* ReusableHeaderFooter.swift in Sources */ = {isa = PBXBuildFile; fileRef = B1F83E0728541BA700300DEE /* ReusableHeaderFooter.swift */; };
		B1F83E0A285457AE00300DEE /* CustomTableViewDelegate.swift in Sources */ = {isa = PBXBuildFile; fileRef = B1F83E09285457AE00300DEE /* CustomTableViewDelegate.swift */; };
		B1F83E0D28545C4600300DEE /* UITableView+Extensions.swift in Sources */ = {isa = PBXBuildFile; fileRef = B1F83E0C28545C4600300DEE /* UITableView+Extensions.swift */; };
/* End PBXBuildFile section */

/* Begin PBXFileReference section */
		B1F83DE1285411AD00300DEE /* cTableView.app */ = {isa = PBXFileReference; explicitFileType = wrapper.application; includeInIndex = 0; path = cTableView.app; sourceTree = BUILT_PRODUCTS_DIR; };
		B1F83DE4285411AD00300DEE /* AppDelegate.swift */ = {isa = PBXFileReference; lastKnownFileType = sourcecode.swift; path = AppDelegate.swift; sourceTree = "<group>"; };
		B1F83DE6285411AD00300DEE /* SceneDelegate.swift */ = {isa = PBXFileReference; lastKnownFileType = sourcecode.swift; path = SceneDelegate.swift; sourceTree = "<group>"; };
		B1F83DE8285411AD00300DEE /* ViewController.swift */ = {isa = PBXFileReference; lastKnownFileType = sourcecode.swift; path = ViewController.swift; sourceTree = "<group>"; };
		B1F83DEB285411AD00300DEE /* Base */ = {isa = PBXFileReference; lastKnownFileType = file.storyboard; name = Base; path = Base.lproj/Main.storyboard; sourceTree = "<group>"; };
		B1F83DED285411AF00300DEE /* Assets.xcassets */ = {isa = PBXFileReference; lastKnownFileType = folder.assetcatalog; path = Assets.xcassets; sourceTree = "<group>"; };
		B1F83DF0285411AF00300DEE /* Base */ = {isa = PBXFileReference; lastKnownFileType = file.storyboard; name = Base; path = Base.lproj/LaunchScreen.storyboard; sourceTree = "<group>"; };
		B1F83DF2285411AF00300DEE /* Info.plist */ = {isa = PBXFileReference; lastKnownFileType = text.plist.xml; path = Info.plist; sourceTree = "<group>"; };
		B1F83DFA285411FE00300DEE /* CustomTableView.swift */ = {isa = PBXFileReference; lastKnownFileType = sourcecode.swift; path = CustomTableView.swift; sourceTree = "<group>"; };
		B1F83DFC28541AB900300DEE /* CustomTableViewDataSource.swift */ = {isa = PBXFileReference; lastKnownFileType = sourcecode.swift; path = CustomTableViewDataSource.swift; sourceTree = "<group>"; };
		B1F83E0028541AEE00300DEE /* CustomFooterTableViewCell.swift */ = {isa = PBXFileReference; lastKnownFileType = sourcecode.swift; path = CustomFooterTableViewCell.swift; sourceTree = "<group>"; };
		B1F83E0328541B6E00300DEE /* Reusable.swift */ = {isa = PBXFileReference; lastKnownFileType = sourcecode.swift; path = Reusable.swift; sourceTree = "<group>"; };
		B1F83E0528541B8E00300DEE /* ReusableCell.swift */ = {isa = PBXFileReference; lastKnownFileType = sourcecode.swift; path = ReusableCell.swift; sourceTree = "<group>"; };
		B1F83E0728541BA700300DEE /* ReusableHeaderFooter.swift */ = {isa = PBXFileReference; lastKnownFileType = sourcecode.swift; path = ReusableHeaderFooter.swift; sourceTree = "<group>"; };
		B1F83E09285457AE00300DEE /* CustomTableViewDelegate.swift */ = {isa = PBXFileReference; lastKnownFileType = sourcecode.swift; path = CustomTableViewDelegate.swift; sourceTree = "<group>"; };
		B1F83E0C28545C4600300DEE /* UITableView+Extensions.swift */ = {isa = PBXFileReference; lastKnownFileType = sourcecode.swift; path = "UITableView+Extensions.swift"; sourceTree = "<group>"; };
/* End PBXFileReference section */

/* Begin PBXFrameworksBuildPhase section */
		B1F83DDE285411AD00300DEE /* Frameworks */ = {
			isa = PBXFrameworksBuildPhase;
			buildActionMask = 2147483647;
			files = (
			);
			runOnlyForDeploymentPostprocessing = 0;
		};
/* End PBXFrameworksBuildPhase section */

/* Begin PBXGroup section */
		B1F83DD8285411AD00300DEE = {
			isa = PBXGroup;
			children = (
				B1F83DE3285411AD00300DEE /* cTableView */,
				B1F83DE2285411AD00300DEE /* Products */,
			);
			sourceTree = "<group>";
		};
		B1F83DE2285411AD00300DEE /* Products */ = {
			isa = PBXGroup;
			children = (
				B1F83DE1285411AD00300DEE /* cTableView.app */,
			);
			name = Products;
			sourceTree = "<group>";
		};
		B1F83DE3285411AD00300DEE /* cTableView */ = {
			isa = PBXGroup;
			children = (
				B1F83DF9285411EB00300DEE /* Feature */,
				B1F83DF8285411B800300DEE /* Defaults */,
				B1F83DF2285411AF00300DEE /* Info.plist */,
			);
			path = cTableView;
			sourceTree = "<group>";
		};
		B1F83DF8285411B800300DEE /* Defaults */ = {
			isa = PBXGroup;
			children = (
				B1F83DEF285411AF00300DEE /* LaunchScreen.storyboard */,
				B1F83DED285411AF00300DEE /* Assets.xcassets */,
				B1F83DEA285411AD00300DEE /* Main.storyboard */,
				B1F83DE4285411AD00300DEE /* AppDelegate.swift */,
				B1F83DE6285411AD00300DEE /* SceneDelegate.swift */,
				B1F83DE8285411AD00300DEE /* ViewController.swift */,
			);
			path = Defaults;
			sourceTree = "<group>";
		};
		B1F83DF9285411EB00300DEE /* Feature */ = {
			isa = PBXGroup;
			children = (
				B1F83E0B28545C3300300DEE /* TableView */,
				B1F83E0228541B6A00300DEE /* Reusable */,
			);
			path = Feature;
			sourceTree = "<group>";
		};
		B1F83E0228541B6A00300DEE /* Reusable */ = {
			isa = PBXGroup;
			children = (
				B1F83E0328541B6E00300DEE /* Reusable.swift */,
				B1F83E0528541B8E00300DEE /* ReusableCell.swift */,
				B1F83E0728541BA700300DEE /* ReusableHeaderFooter.swift */,
			);
			path = Reusable;
			sourceTree = "<group>";
		};
		B1F83E0B28545C3300300DEE /* TableView */ = {
			isa = PBXGroup;
			children = (
				B1F83E0028541AEE00300DEE /* CustomFooterTableViewCell.swift */,
				B1F83DFA285411FE00300DEE /* CustomTableView.swift */,
				B1F83DFC28541AB900300DEE /* CustomTableViewDataSource.swift */,
				B1F83E09285457AE00300DEE /* CustomTableViewDelegate.swift */,
				B1F83E0C28545C4600300DEE /* UITableView+Extensions.swift */,
			);
			path = TableView;
			sourceTree = "<group>";
		};
/* End PBXGroup section */

/* Begin PBXNativeTarget section */
		B1F83DE0285411AD00300DEE /* cTableView */ = {
			isa = PBXNativeTarget;
			buildConfigurationList = B1F83DF5285411AF00300DEE /* Build configuration list for PBXNativeTarget "cTableView" */;
			buildPhases = (
				B1F83DDD285411AD00300DEE /* Sources */,
				B1F83DDE285411AD00300DEE /* Frameworks */,
				B1F83DDF285411AD00300DEE /* Resources */,
			);
			buildRules = (
			);
			dependencies = (
			);
			name = cTableView;
			productName = cTableView;
			productReference = B1F83DE1285411AD00300DEE /* cTableView.app */;
			productType = "com.apple.product-type.application";
		};
/* End PBXNativeTarget section */

/* Begin PBXProject section */
		B1F83DD9285411AD00300DEE /* Project object */ = {
			isa = PBXProject;
			attributes = {
				BuildIndependentTargetsInParallel = 1;
				LastSwiftUpdateCheck = 1330;
				LastUpgradeCheck = 1330;
				TargetAttributes = {
					B1F83DE0285411AD00300DEE = {
						CreatedOnToolsVersion = 13.3.1;
					};
				};
			};
			buildConfigurationList = B1F83DDC285411AD00300DEE /* Build configuration list for PBXProject "cTableView" */;
			compatibilityVersion = "Xcode 13.0";
			developmentRegion = en;
			hasScannedForEncodings = 0;
			knownRegions = (
				en,
				Base,
			);
			mainGroup = B1F83DD8285411AD00300DEE;
			productRefGroup = B1F83DE2285411AD00300DEE /* Products */;
			projectDirPath = "";
			projectRoot = "";
			targets = (
				B1F83DE0285411AD00300DEE /* cTableView */,
			);
		};
/* End PBXProject section */

/* Begin PBXResourcesBuildPhase section */
		B1F83DDF285411AD00300DEE /* Resources */ = {
			isa = PBXResourcesBuildPhase;
			buildActionMask = 2147483647;
			files = (
				B1F83DF1285411AF00300DEE /* LaunchScreen.storyboard in Resources */,
				B1F83DEE285411AF00300DEE /* Assets.xcassets in Resources */,
				B1F83DEC285411AD00300DEE /* Main.storyboard in Resources */,
			);
			runOnlyForDeploymentPostprocessing = 0;
		};
/* End PBXResourcesBuildPhase section */

/* Begin PBXSourcesBuildPhase section */
		B1F83DDD285411AD00300DEE /* Sources */ = {
			isa = PBXSourcesBuildPhase;
			buildActionMask = 2147483647;
			files = (
				B1F83DE9285411AD00300DEE /* ViewController.swift in Sources */,
				B1F83E0A285457AE00300DEE /* CustomTableViewDelegate.swift in Sources */,
				B1F83DFD28541AB900300DEE /* CustomTableViewDataSource.swift in Sources */,
				B1F83DE5285411AD00300DEE /* AppDelegate.swift in Sources */,
				B1F83E0828541BA700300DEE /* ReusableHeaderFooter.swift in Sources */,
				B1F83E0428541B6E00300DEE /* Reusable.swift in Sources */,
				B1F83DFB285411FE00300DEE /* CustomTableView.swift in Sources */,
				B1F83E0D28545C4600300DEE /* UITableView+Extensions.swift in Sources */,
				B1F83DE7285411AD00300DEE /* SceneDelegate.swift in Sources */,
				B1F83E0128541AEE00300DEE /* CustomFooterTableViewCell.swift in Sources */,
				B1F83E0628541B8E00300DEE /* ReusableCell.swift in Sources */,
			);
			runOnlyForDeploymentPostprocessing = 0;
		};
/* End PBXSourcesBuildPhase section */

/* Begin PBXVariantGroup section */
		B1F83DEA285411AD00300DEE /* Main.storyboard */ = {
			isa = PBXVariantGroup;
			children = (
				B1F83DEB285411AD00300DEE /* Base */,
			);
			name = Main.storyboard;
			sourceTree = "<group>";
		};
		B1F83DEF285411AF00300DEE /* LaunchScreen.storyboard */ = {
			isa = PBXVariantGroup;
			children = (
				B1F83DF0285411AF00300DEE /* Base */,
			);
			name = LaunchScreen.storyboard;
			sourceTree = "<group>";
		};
/* End PBXVariantGroup section */

/* Begin XCBuildConfiguration section */
		B1F83DF3285411AF00300DEE /* Debug */ = {
			isa = XCBuildConfiguration;
			buildSettings = {
				ALWAYS_SEARCH_USER_PATHS = NO;
				CLANG_ANALYZER_NONNULL = YES;
				CLANG_ANALYZER_NUMBER_OBJECT_CONVERSION = YES_AGGRESSIVE;
				CLANG_CXX_LANGUAGE_STANDARD = "gnu++17";
				CLANG_ENABLE_MODULES = YES;
				CLANG_ENABLE_OBJC_ARC = YES;
				CLANG_ENABLE_OBJC_WEAK = YES;
				CLANG_WARN_BLOCK_CAPTURE_AUTORELEASING = YES;
				CLANG_WARN_BOOL_CONVERSION = YES;
				CLANG_WARN_COMMA = YES;
				CLANG_WARN_CONSTANT_CONVERSION = YES;
				CLANG_WARN_DEPRECATED_OBJC_IMPLEMENTATIONS = YES;
				CLANG_WARN_DIRECT_OBJC_ISA_USAGE = YES_ERROR;
				CLANG_WARN_DOCUMENTATION_COMMENTS = YES;
				CLANG_WARN_EMPTY_BODY = YES;
				CLANG_WARN_ENUM_CONVERSION = YES;
				CLANG_WARN_INFINITE_RECURSION = YES;
				CLANG_WARN_INT_CONVERSION = YES;
				CLANG_WARN_NON_LITERAL_NULL_CONVERSION = YES;
				CLANG_WARN_OBJC_IMPLICIT_RETAIN_SELF = YES;
				CLANG_WARN_OBJC_LITERAL_CONVERSION = YES;
				CLANG_WARN_OBJC_ROOT_CLASS = YES_ERROR;
				CLANG_WARN_QUOTED_INCLUDE_IN_FRAMEWORK_HEADER = YES;
				CLANG_WARN_RANGE_LOOP_ANALYSIS = YES;
				CLANG_WARN_STRICT_PROTOTYPES = YES;
				CLANG_WARN_SUSPICIOUS_MOVE = YES;
				CLANG_WARN_UNGUARDED_AVAILABILITY = YES_AGGRESSIVE;
				CLANG_WARN_UNREACHABLE_CODE = YES;
				CLANG_WARN__DUPLICATE_METHOD_MATCH = YES;
				COPY_PHASE_STRIP = NO;
				DEBUG_INFORMATION_FORMAT = dwarf;
				ENABLE_STRICT_OBJC_MSGSEND = YES;
				ENABLE_TESTABILITY = YES;
				GCC_C_LANGUAGE_STANDARD = gnu11;
				GCC_DYNAMIC_NO_PIC = NO;
				GCC_NO_COMMON_BLOCKS = YES;
				GCC_OPTIMIZATION_LEVEL = 0;
				GCC_PREPROCESSOR_DEFINITIONS = (
					"DEBUG=1",
					"$(inherited)",
				);
				GCC_WARN_64_TO_32_BIT_CONVERSION = YES;
				GCC_WARN_ABOUT_RETURN_TYPE = YES_ERROR;
				GCC_WARN_UNDECLARED_SELECTOR = YES;
				GCC_WARN_UNINITIALIZED_AUTOS = YES_AGGRESSIVE;
				GCC_WARN_UNUSED_FUNCTION = YES;
				GCC_WARN_UNUSED_VARIABLE = YES;
				IPHONEOS_DEPLOYMENT_TARGET = 15.4;
				MTL_ENABLE_DEBUG_INFO = INCLUDE_SOURCE;
				MTL_FAST_MATH = YES;
				ONLY_ACTIVE_ARCH = YES;
				SDKROOT = iphoneos;
				SWIFT_ACTIVE_COMPILATION_CONDITIONS = DEBUG;
				SWIFT_OPTIMIZATION_LEVEL = "-Onone";
			};
			name = Debug;
		};
		B1F83DF4285411AF00300DEE /* Release */ = {
			isa = XCBuildConfiguration;
			buildSettings = {
				ALWAYS_SEARCH_USER_PATHS = NO;
				CLANG_ANALYZER_NONNULL = YES;
				CLANG_ANALYZER_NUMBER_OBJECT_CONVERSION = YES_AGGRESSIVE;
				CLANG_CXX_LANGUAGE_STANDARD = "gnu++17";
				CLANG_ENABLE_MODULES = YES;
				CLANG_ENABLE_OBJC_ARC = YES;
				CLANG_ENABLE_OBJC_WEAK = YES;
				CLANG_WARN_BLOCK_CAPTURE_AUTORELEASING = YES;
				CLANG_WARN_BOOL_CONVERSION = YES;
				CLANG_WARN_COMMA = YES;
				CLANG_WARN_CONSTANT_CONVERSION = YES;
				CLANG_WARN_DEPRECATED_OBJC_IMPLEMENTATIONS = YES;
				CLANG_WARN_DIRECT_OBJC_ISA_USAGE = YES_ERROR;
				CLANG_WARN_DOCUMENTATION_COMMENTS = YES;
				CLANG_WARN_EMPTY_BODY = YES;
				CLANG_WARN_ENUM_CONVERSION = YES;
				CLANG_WARN_INFINITE_RECURSION = YES;
				CLANG_WARN_INT_CONVERSION = YES;
				CLANG_WARN_NON_LITERAL_NULL_CONVERSION = YES;
				CLANG_WARN_OBJC_IMPLICIT_RETAIN_SELF = YES;
				CLANG_WARN_OBJC_LITERAL_CONVERSION = YES;
				CLANG_WARN_OBJC_ROOT_CLASS = YES_ERROR;
				CLANG_WARN_QUOTED_INCLUDE_IN_FRAMEWORK_HEADER = YES;
				CLANG_WARN_RANGE_LOOP_ANALYSIS = YES;
				CLANG_WARN_STRICT_PROTOTYPES = YES;
				CLANG_WARN_SUSPICIOUS_MOVE = YES;
				CLANG_WARN_UNGUARDED_AVAILABILITY = YES_AGGRESSIVE;
				CLANG_WARN_UNREACHABLE_CODE = YES;
				CLANG_WARN__DUPLICATE_METHOD_MATCH = YES;
				COPY_PHASE_STRIP = NO;
				DEBUG_INFORMATION_FORMAT = "dwarf-with-dsym";
				ENABLE_NS_ASSERTIONS = NO;
				ENABLE_STRICT_OBJC_MSGSEND = YES;
				GCC_C_LANGUAGE_STANDARD = gnu11;
				GCC_NO_COMMON_BLOCKS = YES;
				GCC_WARN_64_TO_32_BIT_CONVERSION = YES;
				GCC_WARN_ABOUT_RETURN_TYPE = YES_ERROR;
				GCC_WARN_UNDECLARED_SELECTOR = YES;
				GCC_WARN_UNINITIALIZED_AUTOS = YES_AGGRESSIVE;
				GCC_WARN_UNUSED_FUNCTION = YES;
				GCC_WARN_UNUSED_VARIABLE = YES;
				IPHONEOS_DEPLOYMENT_TARGET = 15.4;
				MTL_ENABLE_DEBUG_INFO = NO;
				MTL_FAST_MATH = YES;
				SDKROOT = iphoneos;
				SWIFT_COMPILATION_MODE = wholemodule;
				SWIFT_OPTIMIZATION_LEVEL = "-O";
				VALIDATE_PRODUCT = YES;
			};
			name = Release;
		};
		B1F83DF6285411AF00300DEE /* Debug */ = {
			isa = XCBuildConfiguration;
			buildSettings = {
				ASSETCATALOG_COMPILER_APPICON_NAME = AppIcon;
				ASSETCATALOG_COMPILER_GLOBAL_ACCENT_COLOR_NAME = AccentColor;
				CODE_SIGN_STYLE = Automatic;
				CURRENT_PROJECT_VERSION = 1;
				DEVELOPMENT_TEAM = Y487CY958A;
				GENERATE_INFOPLIST_FILE = YES;
				INFOPLIST_FILE = cTableView/Info.plist;
				INFOPLIST_KEY_UIApplicationSupportsIndirectInputEvents = YES;
				INFOPLIST_KEY_UILaunchStoryboardName = LaunchScreen;
				INFOPLIST_KEY_UIMainStoryboardFile = Main;
				INFOPLIST_KEY_UISupportedInterfaceOrientations_iPad = "UIInterfaceOrientationPortrait UIInterfaceOrientationPortraitUpsideDown UIInterfaceOrientationLandscapeLeft UIInterfaceOrientationLandscapeRight";
				INFOPLIST_KEY_UISupportedInterfaceOrientations_iPhone = "UIInterfaceOrientationPortrait UIInterfaceOrientationLandscapeLeft UIInterfaceOrientationLandscapeRight";
				LD_RUNPATH_SEARCH_PATHS = (
					"$(inherited)",
					"@executable_path/Frameworks",
				);
				MARKETING_VERSION = 1.0;
				PRODUCT_BUNDLE_IDENTIFIER = PaoloProdossimoLopes.cTableView;
				PRODUCT_NAME = "$(TARGET_NAME)";
				SWIFT_EMIT_LOC_STRINGS = YES;
				SWIFT_VERSION = 5.0;
				TARGETED_DEVICE_FAMILY = "1,2";
			};
			name = Debug;
		};
		B1F83DF7285411AF00300DEE /* Release */ = {
			isa = XCBuildConfiguration;
			buildSettings = {
				ASSETCATALOG_COMPILER_APPICON_NAME = AppIcon;
				ASSETCATALOG_COMPILER_GLOBAL_ACCENT_COLOR_NAME = AccentColor;
				CODE_SIGN_STYLE = Automatic;
				CURRENT_PROJECT_VERSION = 1;
				DEVELOPMENT_TEAM = Y487CY958A;
				GENERATE_INFOPLIST_FILE = YES;
				INFOPLIST_FILE = cTableView/Info.plist;
				INFOPLIST_KEY_UIApplicationSupportsIndirectInputEvents = YES;
				INFOPLIST_KEY_UILaunchStoryboardName = LaunchScreen;
				INFOPLIST_KEY_UIMainStoryboardFile = Main;
				INFOPLIST_KEY_UISupportedInterfaceOrientations_iPad = "UIInterfaceOrientationPortrait UIInterfaceOrientationPortraitUpsideDown UIInterfaceOrientationLandscapeLeft UIInterfaceOrientationLandscapeRight";
				INFOPLIST_KEY_UISupportedInterfaceOrientations_iPhone = "UIInterfaceOrientationPortrait UIInterfaceOrientationLandscapeLeft UIInterfaceOrientationLandscapeRight";
				LD_RUNPATH_SEARCH_PATHS = (
					"$(inherited)",
					"@executable_path/Frameworks",
				);
				MARKETING_VERSION = 1.0;
				PRODUCT_BUNDLE_IDENTIFIER = PaoloProdossimoLopes.cTableView;
				PRODUCT_NAME = "$(TARGET_NAME)";
				SWIFT_EMIT_LOC_STRINGS = YES;
				SWIFT_VERSION = 5.0;
				TARGETED_DEVICE_FAMILY = "1,2";
			};
			name = Release;
		};
/* End XCBuildConfiguration section */

/* Begin XCConfigurationList section */
		B1F83DDC285411AD00300DEE /* Build configuration list for PBXProject "cTableView" */ = {
			isa = XCConfigurationList;
			buildConfigurations = (
				B1F83DF3285411AF00300DEE /* Debug */,
				B1F83DF4285411AF00300DEE /* Release */,
			);
			defaultConfigurationIsVisible = 0;
			defaultConfigurationName = Release;
		};
		B1F83DF5285411AF00300DEE /* Build configuration list for PBXNativeTarget "cTableView" */ = {
			isa = XCConfigurationList;
			buildConfigurations = (
				B1F83DF6285411AF00300DEE /* Debug */,
				B1F83DF7285411AF00300DEE /* Release */,
			);
			defaultConfigurationIsVisible = 0;
			defaultConfigurationName = Release;
		};
/* End XCConfigurationList section */
	};
	rootObject = B1F83DD9285411AD00300DEE /* Project object */;
}
